lockVersion: 2.0.0
id: f1a8c321-72a7-41c5-8f5e-3d925aeafa1a
management:
  docChecksum: 2422daf10293e923232daf08349ae0ae
  docVersion: 0.2.0
  speakeasyVersion: 1.277.0
  generationVersion: 2.317.0
  releaseVersion: 0.7.1
  configChecksum: b902f538ec1bb2166214513fe6a3f8e3
  repoURL: https://github.com/StyraInc/opa-csharp.git
  published: true
features:
  csharp:
    constsAndDefaults: 0.0.1
    core: 3.8.0
    examples: 2.81.3
    flattening: 2.81.1
    globalServerURLs: 2.82.3
    responseFormat: 0.0.2
    unions: 0.0.2
generatedFiles:
  - Styra/OpenApi/OpaApiClient.cs
  - global.json
  - Styra/OpenApi/Utils/AnyDeserializer.cs
  - Styra/OpenApi/Utils/BigIntStrConverter.cs
  - Styra/OpenApi/Utils/DecimalStrConverter.cs
  - Styra/OpenApi/Utils/EnumConverter.cs
  - Styra/OpenApi/Utils/FlexibleObjectDeserializer.cs
  - Styra/OpenApi/Utils/HeaderSerializer.cs
  - Styra/OpenApi/Utils/IsoDateTimeSerializer.cs
  - Styra/OpenApi/Utils/RequestBodySerializer.cs
  - Styra/OpenApi/Utils/ResponseBodyDeserializer.cs
  - Styra/OpenApi/Utils/SecurityMetadata.cs
  - Styra/OpenApi/Utils/SpeakeasyHttpClient.cs
  - Styra/OpenApi/Utils/SpeakeasyMetadata.cs
  - Styra/OpenApi/Utils/URLBuilder.cs
  - Styra/OpenApi/Utils/Utilities.cs
  - Styra/OpenApi/Models/Errors/SDKException.cs
  - Styra/OpenApi/Models/Requests/ExecutePolicyRequest.cs
  - Styra/OpenApi/Models/Requests/ExecutePolicyResponse.cs
  - Styra/OpenApi/Models/Requests/ExecutePolicyWithInputRequestBody.cs
  - Styra/OpenApi/Models/Requests/ExecutePolicyWithInputRequest.cs
  - Styra/OpenApi/Models/Requests/ExecutePolicyWithInputResponse.cs
  - Styra/OpenApi/Models/Requests/HealthRequest.cs
  - Styra/OpenApi/Models/Requests/HealthResponse.cs
  - Styra/OpenApi/Models/Components/SuccessfulPolicyEvaluation.cs
  - Styra/OpenApi/Models/Components/Revision.cs
  - Styra/OpenApi/Models/Components/Provenance.cs
  - Styra/OpenApi/Models/Components/Result.cs
  - Styra/OpenApi/Models/Components/Explain.cs
  - Styra/OpenApi/Models/Components/GzipAcceptEncoding.cs
  - Styra/OpenApi/Models/Components/Input.cs
  - Styra/OpenApi/Models/Components/GzipContentEncoding.cs
  - Styra/OpenApi/Models/Components/HealthyServer.cs
  - Styra/OpenApi/Models/Errors/Location.cs
  - Styra/OpenApi/Models/Errors/Errors.cs
  - Styra/OpenApi/Models/Errors/ClientError.cs
  - Styra/OpenApi/Models/Errors/ServerErrorLocation.cs
  - Styra/OpenApi/Models/Errors/ServerErrorErrors.cs
  - Styra/OpenApi/Models/Errors/ServerError.cs
  - Styra/OpenApi/Models/Errors/UnhealthyServer.cs
  - USAGE.md
  - .gitattributes
  - Styra/OpenApi/Hooks/SDKHooks.cs
  - Styra/OpenApi/Hooks/HookTypes.cs
