lockVersion: 2.0.0
id: f1a8c321-72a7-41c5-8f5e-3d925aeafa1a
management:
  docChecksum: 2401c7030f847f72ab31c8f75de58a66
  docVersion: 0.2.0
  speakeasyVersion: 1.244.2
  generationVersion: 2.301.3
  releaseVersion: 0.4.3
  configChecksum: c5f6e45899feda3e6e4e78d2b284dfa0
  repoURL: https://github.com/StyraInc/opa-csharp.git
features:
  csharp:
    core: 3.7.0
    examples: 2.81.3
    flattening: 2.81.1
    globalServerURLs: 2.82.3
    unions: 0.0.2
generatedFiles:
  - Api/SDK/Opa.cs
  - global.json
  - Api/SDK/Utils/AnyDeserializer.cs
  - Api/SDK/Utils/BigIntStrConverter.cs
  - Api/SDK/Utils/DecimalStrConverter.cs
  - Api/SDK/Utils/EnumConverter.cs
  - Api/SDK/Utils/FlexibleObjectDeserializer.cs
  - Api/SDK/Utils/HeaderSerializer.cs
  - Api/SDK/Utils/IsoDateTimeSerializer.cs
  - Api/SDK/Utils/RequestBodySerializer.cs
  - Api/SDK/Utils/ResponseBodyDeserializer.cs
  - Api/SDK/Utils/SecuritySerializer.cs
  - Api/SDK/Utils/SpeakeasyHttpClient.cs
  - Api/SDK/Utils/SpeakeasyMetadata.cs
  - Api/SDK/Utils/URLBuilder.cs
  - Api/SDK/Utils/Utilities.cs
  - Api/SDK/Api.SDK.csproj
  - Api/SDK/Models/Errors/SDKException.cs
  - Api/SDK/Models/Requests/ExecutePolicyRequest.cs
  - Api/SDK/Models/Requests/ExecutePolicyResponse.cs
  - Api/SDK/Models/Requests/ExecutePolicyWithInputRequestBody.cs
  - Api/SDK/Models/Requests/ExecutePolicyWithInputRequest.cs
  - Api/SDK/Models/Requests/ExecutePolicyWithInputResponse.cs
  - Api/SDK/Models/Requests/HealthRequest.cs
  - Api/SDK/Models/Requests/HealthResponse.cs
  - Api/SDK/Models/Components/SuccessfulPolicyEvaluation.cs
  - Api/SDK/Models/Components/Revision.cs
  - Api/SDK/Models/Components/Provenance.cs
  - Api/SDK/Models/Components/Result.cs
  - Api/SDK/Models/Components/Explain.cs
  - Api/SDK/Models/Components/GzipAcceptEncoding.cs
  - Api/SDK/Models/Components/Input.cs
  - Api/SDK/Models/Components/GzipContentEncoding.cs
  - Api/SDK/Models/Components/HealthyServer.cs
  - Api/SDK/Models/Errors/Location.cs
  - Api/SDK/Models/Errors/Errors.cs
  - Api/SDK/Models/Errors/ClientError.cs
  - Api/SDK/Models/Errors/ServerErrorLocation.cs
  - Api/SDK/Models/Errors/ServerErrorErrors.cs
  - Api/SDK/Models/Errors/ServerError.cs
  - Api/SDK/Models/Errors/UnhealthyServer.cs
  - docs/Models/Requests/ExecutePolicyRequest.md
  - docs/Models/Requests/ExecutePolicyResponse.md
  - docs/Models/Requests/ExecutePolicyWithInputRequestBody.md
  - docs/Models/Requests/ExecutePolicyWithInputRequest.md
  - docs/Models/Requests/ExecutePolicyWithInputResponse.md
  - docs/Models/Requests/HealthRequest.md
  - docs/Models/Requests/HealthResponse.md
  - docs/Models/Components/SuccessfulPolicyEvaluation.md
  - docs/Models/Components/Revision.md
  - docs/Models/Components/Provenance.md
  - docs/Models/Components/Result.md
  - docs/Models/Components/Explain.md
  - docs/Models/Components/GzipAcceptEncoding.md
  - docs/Models/Components/Input.md
  - docs/Models/Components/GzipContentEncoding.md
  - docs/Models/Components/HealthyServer.md
  - docs/Models/Errors/Location.md
  - docs/Models/Errors/Errors.md
  - docs/Models/Errors/ClientError.md
  - docs/Models/Errors/ServerErrorLocation.md
  - docs/Models/Errors/ServerErrorErrors.md
  - docs/Models/Errors/ServerError.md
  - docs/Models/Errors/UnhealthyServer.md
  - docs/sdks/opa/README.md
  - USAGE.md
  - .gitattributes
