lockVersion: 2.0.0
id: f1a8c321-72a7-41c5-8f5e-3d925aeafa1a
management:
  docChecksum: 54d33facef3aa19f358d15ab44e34141
  docVersion: 0.2.0
  speakeasyVersion: 1.376.1
  generationVersion: 2.402.5
  releaseVersion: 1.3.3
  configChecksum: dcc8dc671230100c5c15b0872988f4e6
  repoURL: https://github.com/StyraInc/opa-csharp
  repoSubDirectory: Styra/Opa/OpenApi/
  published: true
features:
  csharp:
    additionalDependencies: 0.1.0
    constsAndDefaults: 0.0.1
    core: 3.9.14
    examples: 2.81.3
    flattening: 2.81.2
    globalSecurity: 2.83.6
    globalSecurityCallbacks: 0.1.0
    globalSecurityFlattening: 0.1.0
    globalServerURLs: 2.82.3
    intellisenseMarkdownSupport: 0.1.0
    responseFormat: 0.0.4
    sdkHooks: 0.1.0
    unions: 0.2.1
generatedFiles:
  - Styra/Opa/OpenApi/OpaApiClient.cs
  - global.json
  - Styra/Opa/OpenApi/Utils/AnyDeserializer.cs
  - Styra/Opa/OpenApi/Utils/BigIntStrConverter.cs
  - Styra/Opa/OpenApi/Utils/DecimalStrConverter.cs
  - Styra/Opa/OpenApi/Utils/EnumConverter.cs
  - Styra/Opa/OpenApi/Utils/FlexibleObjectDeserializer.cs
  - Styra/Opa/OpenApi/Utils/HeaderSerializer.cs
  - Styra/Opa/OpenApi/Utils/IsoDateTimeSerializer.cs
  - Styra/Opa/OpenApi/Utils/RequestBodySerializer.cs
  - Styra/Opa/OpenApi/Utils/ResponseBodyDeserializer.cs
  - Styra/Opa/OpenApi/Utils/Retries/BackoffStrategy.cs
  - Styra/Opa/OpenApi/Utils/Retries/Retries.cs
  - Styra/Opa/OpenApi/Utils/Retries/RetryConfig.cs
  - Styra/Opa/OpenApi/Utils/SecurityMetadata.cs
  - Styra/Opa/OpenApi/Utils/SpeakeasyHttpClient.cs
  - Styra/Opa/OpenApi/Utils/SpeakeasyMetadata.cs
  - Styra/Opa/OpenApi/Utils/URLBuilder.cs
  - Styra/Opa/OpenApi/Utils/Utilities.cs
  - Styra/Opa/OpenApi/Models/Errors/SDKException.cs
  - Styra/Opa/OpenApi/Models/Requests/ExecuteDefaultPolicyWithInputRequest.cs
  - Styra/Opa/OpenApi/Models/Requests/ExecuteDefaultPolicyWithInputResponse.cs
  - Styra/Opa/OpenApi/Models/Requests/ExecutePolicyRequest.cs
  - Styra/Opa/OpenApi/Models/Requests/ExecutePolicyResponse.cs
  - Styra/Opa/OpenApi/Models/Requests/ExecutePolicyWithInputRequestBody.cs
  - Styra/Opa/OpenApi/Models/Requests/ExecutePolicyWithInputRequest.cs
  - Styra/Opa/OpenApi/Models/Requests/ExecutePolicyWithInputResponse.cs
  - Styra/Opa/OpenApi/Models/Requests/ExecuteBatchPolicyWithInputRequestBody.cs
  - Styra/Opa/OpenApi/Models/Requests/ExecuteBatchPolicyWithInputRequest.cs
  - Styra/Opa/OpenApi/Models/Requests/ExecuteBatchPolicyWithInputResponse.cs
  - Styra/Opa/OpenApi/Models/Requests/HealthRequest.cs
  - Styra/Opa/OpenApi/Models/Requests/HealthResponse.cs
  - Styra/Opa/OpenApi/Models/Components/Result.cs
  - Styra/Opa/OpenApi/Models/Components/Input.cs
  - Styra/Opa/OpenApi/Models/Components/GzipAcceptEncoding.cs
  - Styra/Opa/OpenApi/Models/Components/SuccessfulPolicyResponse.cs
  - Styra/Opa/OpenApi/Models/Components/Revision.cs
  - Styra/Opa/OpenApi/Models/Components/Provenance.cs
  - Styra/Opa/OpenApi/Models/Components/Explain.cs
  - Styra/Opa/OpenApi/Models/Components/GzipContentEncoding.cs
  - Styra/Opa/OpenApi/Models/Components/Location.cs
  - Styra/Opa/OpenApi/Models/Components/Errors.cs
  - Styra/Opa/OpenApi/Models/Components/ServerErrorWithStatusCode.cs
  - Styra/Opa/OpenApi/Models/Components/SuccessfulPolicyResponseWithStatusCode.cs
  - Styra/Opa/OpenApi/Models/Components/Responses.cs
  - Styra/Opa/OpenApi/Models/Components/BatchMixedResults.cs
  - Styra/Opa/OpenApi/Models/Components/BatchSuccessfulPolicyEvaluation.cs
  - Styra/Opa/OpenApi/Models/Components/HealthyServer.cs
  - Styra/Opa/OpenApi/Models/Components/Security.cs
  - Styra/Opa/OpenApi/Models/Errors/Location.cs
  - Styra/Opa/OpenApi/Models/Errors/Errors.cs
  - Styra/Opa/OpenApi/Models/Errors/ClientError.cs
  - Styra/Opa/OpenApi/Models/Errors/ServerErrorLocation.cs
  - Styra/Opa/OpenApi/Models/Errors/ServerErrorErrors.cs
  - Styra/Opa/OpenApi/Models/Errors/ServerError.cs
  - Styra/Opa/OpenApi/Models/Errors/BatchServerError.cs
  - Styra/Opa/OpenApi/Models/Errors/UnhealthyServer.cs
  - NUGET.md
  - USAGE.md
  - .gitattributes
  - Styra/Opa/OpenApi/Hooks/SDKHooks.cs
  - Styra/Opa/OpenApi/Hooks/HookTypes.cs
  - CONTRIBUTING.md
