speakeasyVersion: 1.299.7
sources:
    openapi:
        sourceNamespace: openapi
        sourceRevisionDigest: sha256:4932d4ab7fc975b378bae8a9220a32e37ce501a414cea9555769714cdd471556
        sourceBlobDigest: sha256:5e23321d0a2a70af23e824774c98915cfd7de8a9a5fd45efe5edbc3c427c5ab8
        tags:
            - latest
            - main
targets:
    first-target:
        source: openapi
        sourceNamespace: openapi
        sourceRevisionDigest: sha256:4932d4ab7fc975b378bae8a9220a32e37ce501a414cea9555769714cdd471556
        sourceBlobDigest: sha256:5e23321d0a2a70af23e824774c98915cfd7de8a9a5fd45efe5edbc3c427c5ab8
        outLocation: /github/workspace/repo
workflow:
    workflowVersion: 1.0.0
    speakeasyVersion: latest
    sources:
        openapi:
            inputs:
                - location: https://raw.githubusercontent.com/StyraInc/enterprise-opa/main/openapi/openapi.yaml
            registry:
                location: registry.speakeasyapi.dev/styra/styra/openapi
    targets:
        first-target:
            target: csharp
            source: openapi
            publish:
                nuget:
                    apiKey: $nuget_api_key
