speakeasyVersion: 1.528.1
sources:
    openapi:
        sourceNamespace: openapi
        sourceRevisionDigest: sha256:e4fa67d2aebe13178d658b8d9079fff2c449d4e810f12c6dd8de64b4222b6e10
        sourceBlobDigest: sha256:ca5dae82b0e6fb836b1ba28934aa2ef17e3b4bfac1cebfe63cba4cc46d8034cb
        tags:
            - latest
            - speakeasy-sdk-regen-1742947449
            - 0.2.0
targets:
    first-target:
        source: openapi
        sourceNamespace: openapi
        sourceRevisionDigest: sha256:e4fa67d2aebe13178d658b8d9079fff2c449d4e810f12c6dd8de64b4222b6e10
        sourceBlobDigest: sha256:ca5dae82b0e6fb836b1ba28934aa2ef17e3b4bfac1cebfe63cba4cc46d8034cb
        codeSamplesNamespace: openapi-csharp-code-samples
        codeSamplesRevisionDigest: sha256:c538b2ae76885434888df34b8d8291921bd761ffb1ead973d365c9fb4f204fe5
workflow:
    workflowVersion: 1.0.0
    speakeasyVersion: latest
    sources:
        openapi:
            inputs:
                - location: https://raw.githubusercontent.com/StyraInc/enterprise-opa/main/openapi/openapi.yaml
            registry:
                location: registry.speakeasyapi.dev/styra/styra/openapi
    targets:
        first-target:
            target: csharp
            source: openapi
            publish:
                nuget:
                    apiKey: $nuget_api_key
            codeSamples:
                registry:
                    location: registry.speakeasyapi.dev/styra/styra/openapi-csharp-code-samples
                blocking: false
