speakeasyVersion: 1.321.0
sources:
    openapi:
        sourceNamespace: openapi
        sourceRevisionDigest: sha256:720be7cd7847a13dd3ad7af90228e7dcb3fb5f684fa34a8464c71a5798f03ea1
        sourceBlobDigest: sha256:e68abe51b8f5793fb277848304e896c8611d43290e826f995c0fc19602631fb0
        tags:
            - latest
            - main
targets:
    first-target:
        source: openapi
        sourceNamespace: openapi
        sourceRevisionDigest: sha256:720be7cd7847a13dd3ad7af90228e7dcb3fb5f684fa34a8464c71a5798f03ea1
        sourceBlobDigest: sha256:e68abe51b8f5793fb277848304e896c8611d43290e826f995c0fc19602631fb0
        outLocation: /github/workspace/repo
workflow:
    workflowVersion: 1.0.0
    speakeasyVersion: latest
    sources:
        openapi:
            inputs:
                - location: https://raw.githubusercontent.com/StyraInc/enterprise-opa/main/openapi/openapi.yaml
            registry:
                location: registry.speakeasyapi.dev/styra/styra/openapi
    targets:
        first-target:
            target: csharp
            source: openapi
            publish:
                nuget:
                    apiKey: $nuget_api_key
